{
  "lockfileVersion": 1,
  "configVersion": 1,
  "workspaces": {
    "": {
      "name": "zero-perfect",
      "dependencies": {
        "@spacefast/zero": "^0.0.13",
        "preact": "^10.29.7",
      },
      "devDependencies": {
        "typescript": "^6.0.3",
      },
    },
  },
  "packages": {
    "@spacefast/zero": ["@spacefast/zero@0.0.13", "", { "dependencies": { "preact": "^10.29.7" } }, "sha512-Cie+O9v4qA6WXSW7VQRAXR0bb/9Bs+M9YhGrlaEnjzZ6XhiLIFmvT3lkSPJTjLWj4tsKh8ylDIQN6UFNLQh/QQ=="],

    "preact": ["preact@10.29.8", "", { "peerDependencies": { "preact-render-to-string": ">=5" }, "optionalPeers": ["preact-render-to-string"] }, "sha512-ej2aVZ+vZ8WO7tvlQWRM9N63A0KzF9q4mWJfDUHgYaIofWY9hu74QdnQrjoPMmZi2/nZ5gN0bJCQF49xQqx09Q=="],

    "typescript": ["typescript@6.0.3", "", { "bin": { "tsc": "bin/tsc", "tsserver": "bin/tsserver" } }, "sha512-y2TvuxSZPDyQakkFRPZHKFm+KKVqIisdg9/CZwm9ftvKXLP8NRWj38/ODjNbr43SsoXqNuAisEf1GdCxqWcdBw=="],
  }
}
